
Microsoft Visual Studio Solution File, Format Version 12.00
# Visual Studio Version 16
VisualStudioVersion = 16.0.29123.88
MinimumVisualStudioVersion = 10.0.40219.1
Project("{FAE04EC0-301F-11D3-BF4B-00C04F79EFBC}") = "Variables", "Variables\Variables.csproj", "{065407C7-8EA4-40BB-9E26-36F8BD75EA3B}"
EndProject
Global
	GlobalSection(SolutionConfigurationPlatforms) = preSolution
		Debug|Any CPU = Debug|Any CPU
		Release|Any CPU = Release|Any CPU
	EndGlobalSection
	GlobalSection(ProjectConfigurationPlatforms) = postSolution
		{065407C7-8EA4-40BB-9E26-36F8BD75EA3B}.Debug|Any CPU.ActiveCfg = Debug|Any CPU
		{065407C7-8EA4-40BB-9E26-36F8BD75EA3B}.Debug|Any CPU.Build.0 = Debug|Any CPU
		{065407C7-8EA4-40BB-9E26-36F8BD75EA3B}.Release|Any CPU.ActiveCfg = Release|Any CPU
		{065407C7-8EA4-40BB-9E26-36F8BD75EA3B}.Release|Any CPU.Build.0 = Release|Any CPU
	EndGlobalSection
	GlobalSection(SolutionProperties) = preSolution
		HideSolutionNode = FALSE
	EndGlobalSection
	GlobalSection(ExtensibilityGlobals) = postSolution
		SolutionGuid = {D83450CA-B633-4050-90DC-037E6CAE3130}
	EndGlobalSection
EndGlobal
